
Microsoft Visual Studio Solution File, Format Version 12.00
# Visual Studio Version 16
VisualStudioVersion = 16.0.32228.343
MinimumVisualStudioVersion = 10.0.40219.1
Project("{9A19103F-16F7-4668-BE54-9A1E7A4F7556}") = "Search_for_Anime_or_Manga_Telegram_Bot", "Search_for_Anime_or_Manga_Telegram_Bot.csproj", "{B3846408-A258-4AD3-BC1C-17BB73F66123}"
EndProject
Global
	GlobalSection(SolutionConfigurationPlatforms) = preSolution
		Debug|Any CPU = Debug|Any CPU
		Release|Any CPU = Release|Any CPU
	EndGlobalSection
	GlobalSection(ProjectConfigurationPlatforms) = postSolution
		{B3846408-A258-4AD3-BC1C-17BB73F66123}.Debug|Any CPU.ActiveCfg = Debug|Any CPU
		{B3846408-A258-4AD3-BC1C-17BB73F66123}.Debug|Any CPU.Build.0 = Debug|Any CPU
		{B3846408-A258-4AD3-BC1C-17BB73F66123}.Release|Any CPU.ActiveCfg = Release|Any CPU
		{B3846408-A258-4AD3-BC1C-17BB73F66123}.Release|Any CPU.Build.0 = Release|Any CPU
	EndGlobalSection
	GlobalSection(SolutionProperties) = preSolution
		HideSolutionNode = FALSE
	EndGlobalSection
	GlobalSection(ExtensibilityGlobals) = postSolution
		SolutionGuid = {DDE71C84-1B78-4936-9920-9DD396064D19}
	EndGlobalSection
EndGlobal
